// !$*UTF8*$!
{
	archiveVersion = 1;
	classes = {
	};
	objectVersion = 56;
	objects = {

/* Begin PBXBuildFile section */
		8443D01F2C78AE910013E38C /* EffectiveMobileTestApp.swift in Sources */ = {isa = PBXBuildFile; fileRef = 8443D01E2C78AE910013E38C /* EffectiveMobileTestApp.swift */; };
		8443D0212C78AE910013E38C /* MainView.swift in Sources */ = {isa = PBXBuildFile; fileRef = 8443D0202C78AE910013E38C /* MainView.swift */; };
		8443D0232C78AE950013E38C /* Assets.xcassets in Resources */ = {isa = PBXBuildFile; fileRef = 8443D0222C78AE950013E38C /* Assets.xcassets */; };
		8443D0262C78AE950013E38C /* Preview Assets.xcassets in Resources */ = {isa = PBXBuildFile; fileRef = 8443D0252C78AE950013E38C /* Preview Assets.xcassets */; };
		8443D02D2C78AF010013E38C /* TODO.swift in Sources */ = {isa = PBXBuildFile; fileRef = 8443D02C2C78AF000013E38C /* TODO.swift */; };
		8443D0312C78B5D40013E38C /* ViewModel.swift in Sources */ = {isa = PBXBuildFile; fileRef = 8443D0302C78B5D40013E38C /* ViewModel.swift */; };
		8443D0332C7A36E50013E38C /* NetworkService.swift in Sources */ = {isa = PBXBuildFile; fileRef = 8443D0322C7A36E40013E38C /* NetworkService.swift */; };
		8443D0362C7A653A0013E38C /* Alamofire in Frameworks */ = {isa = PBXBuildFile; productRef = 8443D0352C7A653A0013E38C /* Alamofire */; };
		8443D0382C7A653A0013E38C /* AlamofireDynamic in Frameworks */ = {isa = PBXBuildFile; productRef = 8443D0372C7A653A0013E38C /* AlamofireDynamic */; };
		8443D03B2C7E3FC50013E38C /* TodoDataModel.xcdatamodeld in Sources */ = {isa = PBXBuildFile; fileRef = 8443D0392C7E3FC50013E38C /* TodoDataModel.xcdatamodeld */; };
		8443D03D2C7E41A80013E38C /* TodoStore.swift in Sources */ = {isa = PBXBuildFile; fileRef = 8443D03C2C7E41A80013E38C /* TodoStore.swift */; };
		8443D03F2C7E54170013E38C /* Persistence.swift in Sources */ = {isa = PBXBuildFile; fileRef = 8443D03E2C7E54160013E38C /* Persistence.swift */; };
/* End PBXBuildFile section */

/* Begin PBXFileReference section */
		8443D01B2C78AE910013E38C /* EffectiveMobileTest.app */ = {isa = PBXFileReference; explicitFileType = wrapper.application; includeInIndex = 0; path = EffectiveMobileTest.app; sourceTree = BUILT_PRODUCTS_DIR; };
		8443D01E2C78AE910013E38C /* EffectiveMobileTestApp.swift */ = {isa = PBXFileReference; lastKnownFileType = sourcecode.swift; path = EffectiveMobileTestApp.swift; sourceTree = "<group>"; };
		8443D0202C78AE910013E38C /* MainView.swift */ = {isa = PBXFileReference; lastKnownFileType = sourcecode.swift; path = MainView.swift; sourceTree = "<group>"; };
		8443D0222C78AE950013E38C /* Assets.xcassets */ = {isa = PBXFileReference; lastKnownFileType = folder.assetcatalog; path = Assets.xcassets; sourceTree = "<group>"; };
		8443D0252C78AE950013E38C /* Preview Assets.xcassets */ = {isa = PBXFileReference; lastKnownFileType = folder.assetcatalog; path = "Preview Assets.xcassets"; sourceTree = "<group>"; };
		8443D02C2C78AF000013E38C /* TODO.swift */ = {isa = PBXFileReference; lastKnownFileType = sourcecode.swift; path = TODO.swift; sourceTree = "<group>"; };
		8443D0302C78B5D40013E38C /* ViewModel.swift */ = {isa = PBXFileReference; lastKnownFileType = sourcecode.swift; path = ViewModel.swift; sourceTree = "<group>"; };
		8443D0322C7A36E40013E38C /* NetworkService.swift */ = {isa = PBXFileReference; lastKnownFileType = sourcecode.swift; path = NetworkService.swift; sourceTree = "<group>"; };
		8443D03A2C7E3FC50013E38C /* TodoDataModel.xcdatamodel */ = {isa = PBXFileReference; lastKnownFileType = wrapper.xcdatamodel; path = TodoDataModel.xcdatamodel; sourceTree = "<group>"; };
		8443D03C2C7E41A80013E38C /* TodoStore.swift */ = {isa = PBXFileReference; lastKnownFileType = sourcecode.swift; path = TodoStore.swift; sourceTree = "<group>"; };
		8443D03E2C7E54160013E38C /* Persistence.swift */ = {isa = PBXFileReference; lastKnownFileType = sourcecode.swift; path = Persistence.swift; sourceTree = "<group>"; };
/* End PBXFileReference section */

/* Begin PBXFrameworksBuildPhase section */
		8443D0182C78AE910013E38C /* Frameworks */ = {
			isa = PBXFrameworksBuildPhase;
			buildActionMask = 2147483647;
			files = (
				8443D0362C7A653A0013E38C /* Alamofire in Frameworks */,
				8443D0382C7A653A0013E38C /* AlamofireDynamic in Frameworks */,
			);
			runOnlyForDeploymentPostprocessing = 0;
		};
/* End PBXFrameworksBuildPhase section */

/* Begin PBXGroup section */
		8443D0122C78AE910013E38C = {
			isa = PBXGroup;
			children = (
				8443D01D2C78AE910013E38C /* EffectiveMobileTest */,
				8443D01C2C78AE910013E38C /* Products */,
			);
			sourceTree = "<group>";
		};
		8443D01C2C78AE910013E38C /* Products */ = {
			isa = PBXGroup;
			children = (
				8443D01B2C78AE910013E38C /* EffectiveMobileTest.app */,
			);
			name = Products;
			sourceTree = "<group>";
		};
		8443D01D2C78AE910013E38C /* EffectiveMobileTest */ = {
			isa = PBXGroup;
			children = (
				8443D01E2C78AE910013E38C /* EffectiveMobileTestApp.swift */,
				8443D0422C7F165E0013E38C /* Model */,
				8443D0412C7F16540013E38C /* ViewModel */,
				8443D0402C7F163D0013E38C /* Views */,
				8443D0222C78AE950013E38C /* Assets.xcassets */,
				8443D0242C78AE950013E38C /* Preview Content */,
				8443D0392C7E3FC50013E38C /* TodoDataModel.xcdatamodeld */,
				8443D0442C7F16900013E38C /* Services */,
				8443D0432C7F167A0013E38C /* CoreData */,
			);
			path = EffectiveMobileTest;
			sourceTree = "<group>";
		};
		8443D0242C78AE950013E38C /* Preview Content */ = {
			isa = PBXGroup;
			children = (
				8443D0252C78AE950013E38C /* Preview Assets.xcassets */,
			);
			path = "Preview Content";
			sourceTree = "<group>";
		};
		8443D0402C7F163D0013E38C /* Views */ = {
			isa = PBXGroup;
			children = (
				8443D0202C78AE910013E38C /* MainView.swift */,
			);
			path = Views;
			sourceTree = "<group>";
		};
		8443D0412C7F16540013E38C /* ViewModel */ = {
			isa = PBXGroup;
			children = (
				8443D0302C78B5D40013E38C /* ViewModel.swift */,
			);
			path = ViewModel;
			sourceTree = "<group>";
		};
		8443D0422C7F165E0013E38C /* Model */ = {
			isa = PBXGroup;
			children = (
				8443D02C2C78AF000013E38C /* TODO.swift */,
			);
			path = Model;
			sourceTree = "<group>";
		};
		8443D0432C7F167A0013E38C /* CoreData */ = {
			isa = PBXGroup;
			children = (
				8443D03C2C7E41A80013E38C /* TodoStore.swift */,
				8443D03E2C7E54160013E38C /* Persistence.swift */,
			);
			path = CoreData;
			sourceTree = "<group>";
		};
		8443D0442C7F16900013E38C /* Services */ = {
			isa = PBXGroup;
			children = (
				8443D0322C7A36E40013E38C /* NetworkService.swift */,
			);
			path = Services;
			sourceTree = "<group>";
		};
/* End PBXGroup section */

/* Begin PBXNativeTarget section */
		8443D01A2C78AE910013E38C /* EffectiveMobileTest */ = {
			isa = PBXNativeTarget;
			buildConfigurationList = 8443D0292C78AE950013E38C /* Build configuration list for PBXNativeTarget "EffectiveMobileTest" */;
			buildPhases = (
				8443D0172C78AE910013E38C /* Sources */,
				8443D0182C78AE910013E38C /* Frameworks */,
				8443D0192C78AE910013E38C /* Resources */,
			);
			buildRules = (
			);
			dependencies = (
			);
			name = EffectiveMobileTest;
			packageProductDependencies = (
				8443D0352C7A653A0013E38C /* Alamofire */,
				8443D0372C7A653A0013E38C /* AlamofireDynamic */,
			);
			productName = EffectiveMobileTest;
			productReference = 8443D01B2C78AE910013E38C /* EffectiveMobileTest.app */;
			productType = "com.apple.product-type.application";
		};
/* End PBXNativeTarget section */

/* Begin PBXProject section */
		8443D0132C78AE910013E38C /* Project object */ = {
			isa = PBXProject;
			attributes = {
				BuildIndependentTargetsInParallel = 1;
				LastSwiftUpdateCheck = 1530;
				LastUpgradeCheck = 1530;
				TargetAttributes = {
					8443D01A2C78AE910013E38C = {
						CreatedOnToolsVersion = 15.3;
					};
				};
			};
			buildConfigurationList = 8443D0162C78AE910013E38C /* Build configuration list for PBXProject "EffectiveMobileTest" */;
			compatibilityVersion = "Xcode 14.0";
			developmentRegion = en;
			hasScannedForEncodings = 0;
			knownRegions = (
				en,
				Base,
			);
			mainGroup = 8443D0122C78AE910013E38C;
			packageReferences = (
				8443D0342C7A653A0013E38C /* XCRemoteSwiftPackageReference "Alamofire" */,
			);
			productRefGroup = 8443D01C2C78AE910013E38C /* Products */;
			projectDirPath = "";
			projectRoot = "";
			targets = (
				8443D01A2C78AE910013E38C /* EffectiveMobileTest */,
			);
		};
/* End PBXProject section */

/* Begin PBXResourcesBuildPhase section */
		8443D0192C78AE910013E38C /* Resources */ = {
			isa = PBXResourcesBuildPhase;
			buildActionMask = 2147483647;
			files = (
				8443D0262C78AE950013E38C /* Preview Assets.xcassets in Resources */,
				8443D0232C78AE950013E38C /* Assets.xcassets in Resources */,
			);
			runOnlyForDeploymentPostprocessing = 0;
		};
/* End PBXResourcesBuildPhase section */

/* Begin PBXSourcesBuildPhase section */
		8443D0172C78AE910013E38C /* Sources */ = {
			isa = PBXSourcesBuildPhase;
			buildActionMask = 2147483647;
			files = (
				8443D0332C7A36E50013E38C /* NetworkService.swift in Sources */,
				8443D03F2C7E54170013E38C /* Persistence.swift in Sources */,
				8443D0212C78AE910013E38C /* MainView.swift in Sources */,
				8443D01F2C78AE910013E38C /* EffectiveMobileTestApp.swift in Sources */,
				8443D03B2C7E3FC50013E38C /* TodoDataModel.xcdatamodeld in Sources */,
				8443D0312C78B5D40013E38C /* ViewModel.swift in Sources */,
				8443D03D2C7E41A80013E38C /* TodoStore.swift in Sources */,
				8443D02D2C78AF010013E38C /* TODO.swift in Sources */,
			);
			runOnlyForDeploymentPostprocessing = 0;
		};
/* End PBXSourcesBuildPhase section */

/* Begin XCBuildConfiguration section */
		8443D0272C78AE950013E38C /* Debug */ = {
			isa = XCBuildConfiguration;
			buildSettings = {
				ALWAYS_SEARCH_USER_PATHS = NO;
				ASSETCATALOG_COMPILER_GENERATE_SWIFT_ASSET_SYMBOL_EXTENSIONS = YES;
				CLANG_ANALYZER_NONNULL = YES;
				CLANG_ANALYZER_NUMBER_OBJECT_CONVERSION = YES_AGGRESSIVE;
				CLANG_CXX_LANGUAGE_STANDARD = "gnu++20";
				CLANG_ENABLE_MODULES = YES;
				CLANG_ENABLE_OBJC_ARC = YES;
				CLANG_ENABLE_OBJC_WEAK = YES;
				CLANG_WARN_BLOCK_CAPTURE_AUTORELEASING = YES;
				CLANG_WARN_BOOL_CONVERSION = YES;
				CLANG_WARN_COMMA = YES;
				CLANG_WARN_CONSTANT_CONVERSION = YES;
				CLANG_WARN_DEPRECATED_OBJC_IMPLEMENTATIONS = YES;
				CLANG_WARN_DIRECT_OBJC_ISA_USAGE = YES_ERROR;
				CLANG_WARN_DOCUMENTATION_COMMENTS = YES;
				CLANG_WARN_EMPTY_BODY = YES;
				CLANG_WARN_ENUM_CONVERSION = YES;
				CLANG_WARN_INFINITE_RECURSION = YES;
				CLANG_WARN_INT_CONVERSION = YES;
				CLANG_WARN_NON_LITERAL_NULL_CONVERSION = YES;
				CLANG_WARN_OBJC_IMPLICIT_RETAIN_SELF = YES;
				CLANG_WARN_OBJC_LITERAL_CONVERSION = YES;
				CLANG_WARN_OBJC_ROOT_CLASS = YES_ERROR;
				CLANG_WARN_QUOTED_INCLUDE_IN_FRAMEWORK_HEADER = YES;
				CLANG_WARN_RANGE_LOOP_ANALYSIS = YES;
				CLANG_WARN_STRICT_PROTOTYPES = YES;
				CLANG_WARN_SUSPICIOUS_MOVE = YES;
				CLANG_WARN_UNGUARDED_AVAILABILITY = YES_AGGRESSIVE;
				CLANG_WARN_UNREACHABLE_CODE = YES;
				CLANG_WARN__DUPLICATE_METHOD_MATCH = YES;
				COPY_PHASE_STRIP = NO;
				DEBUG_INFORMATION_FORMAT = dwarf;
				ENABLE_STRICT_OBJC_MSGSEND = YES;
				ENABLE_TESTABILITY = YES;
				ENABLE_USER_SCRIPT_SANDBOXING = YES;
				GCC_C_LANGUAGE_STANDARD = gnu17;
				GCC_DYNAMIC_NO_PIC = NO;
				GCC_NO_COMMON_BLOCKS = YES;
				GCC_OPTIMIZATION_LEVEL = 0;
				GCC_PREPROCESSOR_DEFINITIONS = (
					"DEBUG=1",
					"$(inherited)",
				);
				GCC_WARN_64_TO_32_BIT_CONVERSION = YES;
				GCC_WARN_ABOUT_RETURN_TYPE = YES_ERROR;
				GCC_WARN_UNDECLARED_SELECTOR = YES;
				GCC_WARN_UNINITIALIZED_AUTOS = YES_AGGRESSIVE;
				GCC_WARN_UNUSED_FUNCTION = YES;
				GCC_WARN_UNUSED_VARIABLE = YES;
				IPHONEOS_DEPLOYMENT_TARGET = 17.4;
				LOCALIZATION_PREFERS_STRING_CATALOGS = YES;
				MTL_ENABLE_DEBUG_INFO = INCLUDE_SOURCE;
				MTL_FAST_MATH = YES;
				ONLY_ACTIVE_ARCH = YES;
				SDKROOT = iphoneos;
				SWIFT_ACTIVE_COMPILATION_CONDITIONS = "DEBUG $(inherited)";
				SWIFT_OPTIMIZATION_LEVEL = "-Onone";
			};
			name = Debug;
		};
		8443D0282C78AE950013E38C /* Release */ = {
			isa = XCBuildConfiguration;
			buildSettings = {
				ALWAYS_SEARCH_USER_PATHS = NO;
				ASSETCATALOG_COMPILER_GENERATE_SWIFT_ASSET_SYMBOL_EXTENSIONS = YES;
				CLANG_ANALYZER_NONNULL = YES;
				CLANG_ANALYZER_NUMBER_OBJECT_CONVERSION = YES_AGGRESSIVE;
				CLANG_CXX_LANGUAGE_STANDARD = "gnu++20";
				CLANG_ENABLE_MODULES = YES;
				CLANG_ENABLE_OBJC_ARC = YES;
				CLANG_ENABLE_OBJC_WEAK = YES;
				CLANG_WARN_BLOCK_CAPTURE_AUTORELEASING = YES;
				CLANG_WARN_BOOL_CONVERSION = YES;
				CLANG_WARN_COMMA = YES;
				CLANG_WARN_CONSTANT_CONVERSION = YES;
				CLANG_WARN_DEPRECATED_OBJC_IMPLEMENTATIONS = YES;
				CLANG_WARN_DIRECT_OBJC_ISA_USAGE = YES_ERROR;
				CLANG_WARN_DOCUMENTATION_COMMENTS = YES;
				CLANG_WARN_EMPTY_BODY = YES;
				CLANG_WARN_ENUM_CONVERSION = YES;
				CLANG_WARN_INFINITE_RECURSION = YES;
				CLANG_WARN_INT_CONVERSION = YES;
				CLANG_WARN_NON_LITERAL_NULL_CONVERSION = YES;
				CLANG_WARN_OBJC_IMPLICIT_RETAIN_SELF = YES;
				CLANG_WARN_OBJC_LITERAL_CONVERSION = YES;
				CLANG_WARN_OBJC_ROOT_CLASS = YES_ERROR;
				CLANG_WARN_QUOTED_INCLUDE_IN_FRAMEWORK_HEADER = YES;
				CLANG_WARN_RANGE_LOOP_ANALYSIS = YES;
				CLANG_WARN_STRICT_PROTOTYPES = YES;
				CLANG_WARN_SUSPICIOUS_MOVE = YES;
				CLANG_WARN_UNGUARDED_AVAILABILITY = YES_AGGRESSIVE;
				CLANG_WARN_UNREACHABLE_CODE = YES;
				CLANG_WARN__DUPLICATE_METHOD_MATCH = YES;
				COPY_PHASE_STRIP = NO;
				DEBUG_INFORMATION_FORMAT = "dwarf-with-dsym";
				ENABLE_NS_ASSERTIONS = NO;
				ENABLE_STRICT_OBJC_MSGSEND = YES;
				ENABLE_USER_SCRIPT_SANDBOXING = YES;
				GCC_C_LANGUAGE_STANDARD = gnu17;
				GCC_NO_COMMON_BLOCKS = YES;
				GCC_WARN_64_TO_32_BIT_CONVERSION = YES;
				GCC_WARN_ABOUT_RETURN_TYPE = YES_ERROR;
				GCC_WARN_UNDECLARED_SELECTOR = YES;
				GCC_WARN_UNINITIALIZED_AUTOS = YES_AGGRESSIVE;
				GCC_WARN_UNUSED_FUNCTION = YES;
				GCC_WARN_UNUSED_VARIABLE = YES;
				IPHONEOS_DEPLOYMENT_TARGET = 17.4;
				LOCALIZATION_PREFERS_STRING_CATALOGS = YES;
				MTL_ENABLE_DEBUG_INFO = NO;
				MTL_FAST_MATH = YES;
				SDKROOT = iphoneos;
				SWIFT_COMPILATION_MODE = wholemodule;
				VALIDATE_PRODUCT = YES;
			};
			name = Release;
		};
		8443D02A2C78AE950013E38C /* Debug */ = {
			isa = XCBuildConfiguration;
			buildSettings = {
				ASSETCATALOG_COMPILER_APPICON_NAME = AppIcon;
				ASSETCATALOG_COMPILER_GLOBAL_ACCENT_COLOR_NAME = AccentColor;
				CODE_SIGN_STYLE = Automatic;
				CURRENT_PROJECT_VERSION = 1;
				DEVELOPMENT_ASSET_PATHS = "\"EffectiveMobileTest/Preview Content\"";
				DEVELOPMENT_TEAM = U423669TKH;
				ENABLE_PREVIEWS = YES;
				GENERATE_INFOPLIST_FILE = YES;
				INFOPLIST_KEY_UIApplicationSceneManifest_Generation = YES;
				INFOPLIST_KEY_UIApplicationSupportsIndirectInputEvents = YES;
				INFOPLIST_KEY_UILaunchScreen_Generation = YES;
				INFOPLIST_KEY_UISupportedInterfaceOrientations_iPad = "UIInterfaceOrientationPortrait UIInterfaceOrientationPortraitUpsideDown UIInterfaceOrientationLandscapeLeft UIInterfaceOrientationLandscapeRight";
				INFOPLIST_KEY_UISupportedInterfaceOrientations_iPhone = "UIInterfaceOrientationPortrait UIInterfaceOrientationLandscapeLeft UIInterfaceOrientationLandscapeRight";
				LD_RUNPATH_SEARCH_PATHS = (
					"$(inherited)",
					"@executable_path/Frameworks",
				);
				MARKETING_VERSION = 1.0;
				PRODUCT_BUNDLE_IDENTIFIER = sv.EffectiveMobileTest;
				PRODUCT_NAME = "$(TARGET_NAME)";
				SWIFT_EMIT_LOC_STRINGS = YES;
				SWIFT_VERSION = 5.0;
				TARGETED_DEVICE_FAMILY = "1,2";
			};
			name = Debug;
		};
		8443D02B2C78AE950013E38C /* Release */ = {
			isa = XCBuildConfiguration;
			buildSettings = {
				ASSETCATALOG_COMPILER_APPICON_NAME = AppIcon;
				ASSETCATALOG_COMPILER_GLOBAL_ACCENT_COLOR_NAME = AccentColor;
				CODE_SIGN_STYLE = Automatic;
				CURRENT_PROJECT_VERSION = 1;
				DEVELOPMENT_ASSET_PATHS = "\"EffectiveMobileTest/Preview Content\"";
				DEVELOPMENT_TEAM = U423669TKH;
				ENABLE_PREVIEWS = YES;
				GENERATE_INFOPLIST_FILE = YES;
				INFOPLIST_KEY_UIApplicationSceneManifest_Generation = YES;
				INFOPLIST_KEY_UIApplicationSupportsIndirectInputEvents = YES;
				INFOPLIST_KEY_UILaunchScreen_Generation = YES;
				INFOPLIST_KEY_UISupportedInterfaceOrientations_iPad = "UIInterfaceOrientationPortrait UIInterfaceOrientationPortraitUpsideDown UIInterfaceOrientationLandscapeLeft UIInterfaceOrientationLandscapeRight";
				INFOPLIST_KEY_UISupportedInterfaceOrientations_iPhone = "UIInterfaceOrientationPortrait UIInterfaceOrientationLandscapeLeft UIInterfaceOrientationLandscapeRight";
				LD_RUNPATH_SEARCH_PATHS = (
					"$(inherited)",
					"@executable_path/Frameworks",
				);
				MARKETING_VERSION = 1.0;
				PRODUCT_BUNDLE_IDENTIFIER = sv.EffectiveMobileTest;
				PRODUCT_NAME = "$(TARGET_NAME)";
				SWIFT_EMIT_LOC_STRINGS = YES;
				SWIFT_VERSION = 5.0;
				TARGETED_DEVICE_FAMILY = "1,2";
			};
			name = Release;
		};
/* End XCBuildConfiguration section */

/* Begin XCConfigurationList section */
		8443D0162C78AE910013E38C /* Build configuration list for PBXProject "EffectiveMobileTest" */ = {
			isa = XCConfigurationList;
			buildConfigurations = (
				8443D0272C78AE950013E38C /* Debug */,
				8443D0282C78AE950013E38C /* Release */,
			);
			defaultConfigurationIsVisible = 0;
			defaultConfigurationName = Release;
		};
		8443D0292C78AE950013E38C /* Build configuration list for PBXNativeTarget "EffectiveMobileTest" */ = {
			isa = XCConfigurationList;
			buildConfigurations = (
				8443D02A2C78AE950013E38C /* Debug */,
				8443D02B2C78AE950013E38C /* Release */,
			);
			defaultConfigurationIsVisible = 0;
			defaultConfigurationName = Release;
		};
/* End XCConfigurationList section */

/* Begin XCRemoteSwiftPackageReference section */
		8443D0342C7A653A0013E38C /* XCRemoteSwiftPackageReference "Alamofire" */ = {
			isa = XCRemoteSwiftPackageReference;
			repositoryURL = "https://github.com/Alamofire/Alamofire";
			requirement = {
				kind = upToNextMajorVersion;
				minimumVersion = 5.9.1;
			};
		};
/* End XCRemoteSwiftPackageReference section */

/* Begin XCSwiftPackageProductDependency section */
		8443D0352C7A653A0013E38C /* Alamofire */ = {
			isa = XCSwiftPackageProductDependency;
			package = 8443D0342C7A653A0013E38C /* XCRemoteSwiftPackageReference "Alamofire" */;
			productName = Alamofire;
		};
		8443D0372C7A653A0013E38C /* AlamofireDynamic */ = {
			isa = XCSwiftPackageProductDependency;
			package = 8443D0342C7A653A0013E38C /* XCRemoteSwiftPackageReference "Alamofire" */;
			productName = AlamofireDynamic;
		};
/* End XCSwiftPackageProductDependency section */

/* Begin XCVersionGroup section */
		8443D0392C7E3FC50013E38C /* TodoDataModel.xcdatamodeld */ = {
			isa = XCVersionGroup;
			children = (
				8443D03A2C7E3FC50013E38C /* TodoDataModel.xcdatamodel */,
			);
			currentVersion = 8443D03A2C7E3FC50013E38C /* TodoDataModel.xcdatamodel */;
			name = TodoDataModel.xcdatamodeld;
			path = /Users/admin/Desktop/App/EffectiveMobileTest/EffectiveMobileTest/TodoDataModel.xcdatamodeld;
			sourceTree = "<group>";
			versionGroupType = wrapper.xcdatamodel;
		};
/* End XCVersionGroup section */
	};
	rootObject = 8443D0132C78AE910013E38C /* Project object */;
}
